
Microsoft Visual Studio Solution File, Format Version 12.00
# Visual Studio Version 17
VisualStudioVersion = 17.0.31903.59
MinimumVisualStudioVersion = 10.0.40219.1
Project("{9A19103F-16F7-4668-BE54-9A1E7A4F7556}") = "consoleApp", "consoleApp\consoleApp.csproj", "{F2FADAED-93AF-4DDB-B58E-6226C63681C5}"
EndProject
Project("{9A19103F-16F7-4668-BE54-9A1E7A4F7556}") = "empty", "empty\empty.csproj", "{19FFCE76-A06C-4952-8330-C42CB81719FB}"
EndProject
Project("{9A19103F-16F7-4668-BE54-9A1E7A4F7556}") = "webApi", "webApi\webApi.csproj", "{4FF31D32-F7A8-40CD-AD5B-3C041852C7B5}"
EndProject
Project("{9A19103F-16F7-4668-BE54-9A1E7A4F7556}") = "mvc", "mvc\mvc.csproj", "{65DD2FCA-4F65-4E0A-8DBA-0611C0D2CB35}"
EndProject
Project("{9A19103F-16F7-4668-BE54-9A1E7A4F7556}") = "maui", "maui\maui.csproj", "{4A6AC7D9-6E33-4B80-8A16-16EF5D2CDE26}"
EndProject
Project("{FAE04EC0-301F-11D3-BF4B-00C04F79EFBC}") = "blazor", "blazor\blazor.csproj", "{0BA08F38-213C-4D03-B11B-2AE790C99B56}"
EndProject
Project("{FAE04EC0-301F-11D3-BF4B-00C04F79EFBC}") = "razor", "razor\razor.csproj", "{6C63F124-C033-458A-A30A-DDCAD2BF3DE9}"
EndProject
Project("{FAE04EC0-301F-11D3-BF4B-00C04F79EFBC}") = "react", "react\react.csproj", "{B2EE553F-836D-4BEA-93A9-8CF128554A9E}"
EndProject
Project("{FAE04EC0-301F-11D3-BF4B-00C04F79EFBC}") = "redux", "redux\redux.csproj", "{67CBFBFC-1724-4153-839E-389E8892FF05}"
EndProject
Project("{FAE04EC0-301F-11D3-BF4B-00C04F79EFBC}") = "angular", "angular\angular.csproj", "{A971C68B-797A-4F6D-B18B-7E6E0A6CD74C}"
EndProject
Global
	GlobalSection(SolutionConfigurationPlatforms) = preSolution
		Debug|Any CPU = Debug|Any CPU
		Release|Any CPU = Release|Any CPU
	EndGlobalSection
	GlobalSection(ProjectConfigurationPlatforms) = postSolution
		{F2FADAED-93AF-4DDB-B58E-6226C63681C5}.Debug|Any CPU.ActiveCfg = Debug|Any CPU
		{F2FADAED-93AF-4DDB-B58E-6226C63681C5}.Debug|Any CPU.Build.0 = Debug|Any CPU
		{F2FADAED-93AF-4DDB-B58E-6226C63681C5}.Release|Any CPU.ActiveCfg = Release|Any CPU
		{F2FADAED-93AF-4DDB-B58E-6226C63681C5}.Release|Any CPU.Build.0 = Release|Any CPU
		{19FFCE76-A06C-4952-8330-C42CB81719FB}.Debug|Any CPU.ActiveCfg = Debug|Any CPU
		{19FFCE76-A06C-4952-8330-C42CB81719FB}.Debug|Any CPU.Build.0 = Debug|Any CPU
		{19FFCE76-A06C-4952-8330-C42CB81719FB}.Release|Any CPU.ActiveCfg = Release|Any CPU
		{19FFCE76-A06C-4952-8330-C42CB81719FB}.Release|Any CPU.Build.0 = Release|Any CPU
		{4FF31D32-F7A8-40CD-AD5B-3C041852C7B5}.Debug|Any CPU.ActiveCfg = Debug|Any CPU
		{4FF31D32-F7A8-40CD-AD5B-3C041852C7B5}.Debug|Any CPU.Build.0 = Debug|Any CPU
		{4FF31D32-F7A8-40CD-AD5B-3C041852C7B5}.Release|Any CPU.ActiveCfg = Release|Any CPU
		{4FF31D32-F7A8-40CD-AD5B-3C041852C7B5}.Release|Any CPU.Build.0 = Release|Any CPU
		{65DD2FCA-4F65-4E0A-8DBA-0611C0D2CB35}.Debug|Any CPU.ActiveCfg = Debug|Any CPU
		{65DD2FCA-4F65-4E0A-8DBA-0611C0D2CB35}.Debug|Any CPU.Build.0 = Debug|Any CPU
		{65DD2FCA-4F65-4E0A-8DBA-0611C0D2CB35}.Release|Any CPU.ActiveCfg = Release|Any CPU
		{65DD2FCA-4F65-4E0A-8DBA-0611C0D2CB35}.Release|Any CPU.Build.0 = Release|Any CPU
		{4A6AC7D9-6E33-4B80-8A16-16EF5D2CDE26}.Debug|Any CPU.ActiveCfg = Debug|Any CPU
		{4A6AC7D9-6E33-4B80-8A16-16EF5D2CDE26}.Debug|Any CPU.Build.0 = Debug|Any CPU
		{4A6AC7D9-6E33-4B80-8A16-16EF5D2CDE26}.Debug|Any CPU.Deploy.0 = Debug|Any CPU
		{4A6AC7D9-6E33-4B80-8A16-16EF5D2CDE26}.Release|Any CPU.ActiveCfg = Release|Any CPU
		{4A6AC7D9-6E33-4B80-8A16-16EF5D2CDE26}.Release|Any CPU.Build.0 = Release|Any CPU
		{4A6AC7D9-6E33-4B80-8A16-16EF5D2CDE26}.Release|Any CPU.Deploy.0 = Release|Any CPU
		{0BA08F38-213C-4D03-B11B-2AE790C99B56}.Debug|Any CPU.ActiveCfg = Debug|Any CPU
		{0BA08F38-213C-4D03-B11B-2AE790C99B56}.Debug|Any CPU.Build.0 = Debug|Any CPU
		{0BA08F38-213C-4D03-B11B-2AE790C99B56}.Release|Any CPU.ActiveCfg = Release|Any CPU
		{0BA08F38-213C-4D03-B11B-2AE790C99B56}.Release|Any CPU.Build.0 = Release|Any CPU
		{6C63F124-C033-458A-A30A-DDCAD2BF3DE9}.Debug|Any CPU.ActiveCfg = Debug|Any CPU
		{6C63F124-C033-458A-A30A-DDCAD2BF3DE9}.Debug|Any CPU.Build.0 = Debug|Any CPU
		{6C63F124-C033-458A-A30A-DDCAD2BF3DE9}.Release|Any CPU.ActiveCfg = Release|Any CPU
		{6C63F124-C033-458A-A30A-DDCAD2BF3DE9}.Release|Any CPU.Build.0 = Release|Any CPU
		{B2EE553F-836D-4BEA-93A9-8CF128554A9E}.Debug|Any CPU.ActiveCfg = Debug|Any CPU
		{B2EE553F-836D-4BEA-93A9-8CF128554A9E}.Debug|Any CPU.Build.0 = Debug|Any CPU
		{B2EE553F-836D-4BEA-93A9-8CF128554A9E}.Release|Any CPU.ActiveCfg = Release|Any CPU
		{B2EE553F-836D-4BEA-93A9-8CF128554A9E}.Release|Any CPU.Build.0 = Release|Any CPU
		{67CBFBFC-1724-4153-839E-389E8892FF05}.Debug|Any CPU.ActiveCfg = Debug|Any CPU
		{67CBFBFC-1724-4153-839E-389E8892FF05}.Debug|Any CPU.Build.0 = Debug|Any CPU
		{67CBFBFC-1724-4153-839E-389E8892FF05}.Release|Any CPU.ActiveCfg = Release|Any CPU
		{67CBFBFC-1724-4153-839E-389E8892FF05}.Release|Any CPU.Build.0 = Release|Any CPU
		{A971C68B-797A-4F6D-B18B-7E6E0A6CD74C}.Debug|Any CPU.ActiveCfg = Debug|Any CPU
		{A971C68B-797A-4F6D-B18B-7E6E0A6CD74C}.Debug|Any CPU.Build.0 = Debug|Any CPU
		{A971C68B-797A-4F6D-B18B-7E6E0A6CD74C}.Release|Any CPU.ActiveCfg = Release|Any CPU
		{A971C68B-797A-4F6D-B18B-7E6E0A6CD74C}.Release|Any CPU.Build.0 = Release|Any CPU
	EndGlobalSection
	GlobalSection(SolutionProperties) = preSolution
		HideSolutionNode = FALSE
	EndGlobalSection
	GlobalSection(ExtensibilityGlobals) = postSolution
		SolutionGuid = {DE801B3A-95AC-4436-B539-2E4673783778}
	EndGlobalSection
EndGlobal
